
Microsoft Visual Studio Solution File, Format Version 12.00
# Visual Studio Version 17
VisualStudioVersion = 17.7.34009.444
MinimumVisualStudioVersion = 10.0.40219.1
Project("{FAE04EC0-301F-11D3-BF4B-00C04F79EFBC}") = "22 - Hierarchal Inheritance", "22 - Hierarchal Inheritance\22 - Hierarchal Inheritance.csproj", "{582B5A59-7B91-46F3-B1E9-8C52D38F3A28}"
EndProject
Global
	GlobalSection(SolutionConfigurationPlatforms) = preSolution
		Debug|Any CPU = Debug|Any CPU
		Release|Any CPU = Release|Any CPU
	EndGlobalSection
	GlobalSection(ProjectConfigurationPlatforms) = postSolution
		{582B5A59-7B91-46F3-B1E9-8C52D38F3A28}.Debug|Any CPU.ActiveCfg = Debug|Any CPU
		{582B5A59-7B91-46F3-B1E9-8C52D38F3A28}.Debug|Any CPU.Build.0 = Debug|Any CPU
		{582B5A59-7B91-46F3-B1E9-8C52D38F3A28}.Release|Any CPU.ActiveCfg = Release|Any CPU
		{582B5A59-7B91-46F3-B1E9-8C52D38F3A28}.Release|Any CPU.Build.0 = Release|Any CPU
	EndGlobalSection
	GlobalSection(SolutionProperties) = preSolution
		HideSolutionNode = FALSE
	EndGlobalSection
	GlobalSection(ExtensibilityGlobals) = postSolution
		SolutionGuid = {89318CBB-C6F4-4627-A9A4-7849A5CF895A}
	EndGlobalSection
EndGlobal
