
Microsoft Visual Studio Solution File, Format Version 12.00
# Visual Studio Version 17
VisualStudioVersion = 17.7.34009.444
MinimumVisualStudioVersion = 10.0.40219.1
Project("{FAE04EC0-301F-11D3-BF4B-00C04F79EFBC}") = "12 - Multiple Constructors using overloading", "12 - Multiple Constructors using overloading\12 - Multiple Constructors using overloading.csproj", "{B5056A0B-4AC7-4032-882F-C58D88803B57}"
EndProject
Global
	GlobalSection(SolutionConfigurationPlatforms) = preSolution
		Debug|Any CPU = Debug|Any CPU
		Release|Any CPU = Release|Any CPU
	EndGlobalSection
	GlobalSection(ProjectConfigurationPlatforms) = postSolution
		{B5056A0B-4AC7-4032-882F-C58D88803B57}.Debug|Any CPU.ActiveCfg = Debug|Any CPU
		{B5056A0B-4AC7-4032-882F-C58D88803B57}.Debug|Any CPU.Build.0 = Debug|Any CPU
		{B5056A0B-4AC7-4032-882F-C58D88803B57}.Release|Any CPU.ActiveCfg = Release|Any CPU
		{B5056A0B-4AC7-4032-882F-C58D88803B57}.Release|Any CPU.Build.0 = Release|Any CPU
	EndGlobalSection
	GlobalSection(SolutionProperties) = preSolution
		HideSolutionNode = FALSE
	EndGlobalSection
	GlobalSection(ExtensibilityGlobals) = postSolution
		SolutionGuid = {49BC2FB3-FFEC-472D-BB6F-E4D3BE5FAFD2}
	EndGlobalSection
EndGlobal
