
Microsoft Visual Studio Solution File, Format Version 12.00
# Visual Studio Version 17
VisualStudioVersion = 17.7.34009.444
MinimumVisualStudioVersion = 10.0.40219.1
Project("{FAE04EC0-301F-11D3-BF4B-00C04F79EFBC}") = "6 - Auto Implemented Properties", "6 - Auto Implemented Properties\6 - Auto Implemented Properties.csproj", "{3103CAB8-1F40-4373-9866-4E406062CCFC}"
EndProject
Global
	GlobalSection(SolutionConfigurationPlatforms) = preSolution
		Debug|Any CPU = Debug|Any CPU
		Release|Any CPU = Release|Any CPU
	EndGlobalSection
	GlobalSection(ProjectConfigurationPlatforms) = postSolution
		{3103CAB8-1F40-4373-9866-4E406062CCFC}.Debug|Any CPU.ActiveCfg = Debug|Any CPU
		{3103CAB8-1F40-4373-9866-4E406062CCFC}.Debug|Any CPU.Build.0 = Debug|Any CPU
		{3103CAB8-1F40-4373-9866-4E406062CCFC}.Release|Any CPU.ActiveCfg = Release|Any CPU
		{3103CAB8-1F40-4373-9866-4E406062CCFC}.Release|Any CPU.Build.0 = Release|Any CPU
	EndGlobalSection
	GlobalSection(SolutionProperties) = preSolution
		HideSolutionNode = FALSE
	EndGlobalSection
	GlobalSection(ExtensibilityGlobals) = postSolution
		SolutionGuid = {76C44456-564D-4008-AE5F-4535BCA9CA6A}
	EndGlobalSection
EndGlobal
