
Microsoft Visual Studio Solution File, Format Version 12.00
# Visual Studio Version 17
VisualStudioVersion = 17.7.34009.444
MinimumVisualStudioVersion = 10.0.40219.1
Project("{FAE04EC0-301F-11D3-BF4B-00C04F79EFBC}") = "3 - Static Members", "3 - Static Members\3 - Static Members.csproj", "{A1C51150-277D-4D41-931F-966972B99FA8}"
EndProject
Global
	GlobalSection(SolutionConfigurationPlatforms) = preSolution
		Debug|Any CPU = Debug|Any CPU
		Release|Any CPU = Release|Any CPU
	EndGlobalSection
	GlobalSection(ProjectConfigurationPlatforms) = postSolution
		{A1C51150-277D-4D41-931F-966972B99FA8}.Debug|Any CPU.ActiveCfg = Debug|Any CPU
		{A1C51150-277D-4D41-931F-966972B99FA8}.Debug|Any CPU.Build.0 = Debug|Any CPU
		{A1C51150-277D-4D41-931F-966972B99FA8}.Release|Any CPU.ActiveCfg = Release|Any CPU
		{A1C51150-277D-4D41-931F-966972B99FA8}.Release|Any CPU.Build.0 = Release|Any CPU
	EndGlobalSection
	GlobalSection(SolutionProperties) = preSolution
		HideSolutionNode = FALSE
	EndGlobalSection
	GlobalSection(ExtensibilityGlobals) = postSolution
		SolutionGuid = {267DFDD9-3A43-465D-B475-B4F62049A6F9}
	EndGlobalSection
EndGlobal
