
Microsoft Visual Studio Solution File, Format Version 12.00
# Visual Studio Version 17
VisualStudioVersion = 17.7.34009.444
MinimumVisualStudioVersion = 10.0.40219.1
Project("{FAE04EC0-301F-11D3-BF4B-00C04F79EFBC}") = "7 - Static Properties & Static Class", "7 - Static Properties & Static Class\7 - Static Properties & Static Class.csproj", "{146B7CFE-A0AA-4F01-8EBE-78BBCD0EB5F2}"
EndProject
Global
	GlobalSection(SolutionConfigurationPlatforms) = preSolution
		Debug|Any CPU = Debug|Any CPU
		Release|Any CPU = Release|Any CPU
	EndGlobalSection
	GlobalSection(ProjectConfigurationPlatforms) = postSolution
		{146B7CFE-A0AA-4F01-8EBE-78BBCD0EB5F2}.Debug|Any CPU.ActiveCfg = Debug|Any CPU
		{146B7CFE-A0AA-4F01-8EBE-78BBCD0EB5F2}.Debug|Any CPU.Build.0 = Debug|Any CPU
		{146B7CFE-A0AA-4F01-8EBE-78BBCD0EB5F2}.Release|Any CPU.ActiveCfg = Release|Any CPU
		{146B7CFE-A0AA-4F01-8EBE-78BBCD0EB5F2}.Release|Any CPU.Build.0 = Release|Any CPU
	EndGlobalSection
	GlobalSection(SolutionProperties) = preSolution
		HideSolutionNode = FALSE
	EndGlobalSection
	GlobalSection(ExtensibilityGlobals) = postSolution
		SolutionGuid = {A395499F-0915-4F0A-BAAF-32498B61181C}
	EndGlobalSection
EndGlobal
