
Microsoft Visual Studio Solution File, Format Version 12.00
# Visual Studio Version 17
VisualStudioVersion = 17.7.34009.444
MinimumVisualStudioVersion = 10.0.40219.1
Project("{FAE04EC0-301F-11D3-BF4B-00C04F79EFBC}") = "21 - Multi-Level Inheritance", "21 - Multi-Level Inheritance\21 - Multi-Level Inheritance.csproj", "{D2BF3DFE-A128-4240-A44C-BA66074E3CDC}"
EndProject
Global
	GlobalSection(SolutionConfigurationPlatforms) = preSolution
		Debug|Any CPU = Debug|Any CPU
		Release|Any CPU = Release|Any CPU
	EndGlobalSection
	GlobalSection(ProjectConfigurationPlatforms) = postSolution
		{D2BF3DFE-A128-4240-A44C-BA66074E3CDC}.Debug|Any CPU.ActiveCfg = Debug|Any CPU
		{D2BF3DFE-A128-4240-A44C-BA66074E3CDC}.Debug|Any CPU.Build.0 = Debug|Any CPU
		{D2BF3DFE-A128-4240-A44C-BA66074E3CDC}.Release|Any CPU.ActiveCfg = Release|Any CPU
		{D2BF3DFE-A128-4240-A44C-BA66074E3CDC}.Release|Any CPU.Build.0 = Release|Any CPU
	EndGlobalSection
	GlobalSection(SolutionProperties) = preSolution
		HideSolutionNode = FALSE
	EndGlobalSection
	GlobalSection(ExtensibilityGlobals) = postSolution
		SolutionGuid = {3BDCEE01-E010-423B-8618-5EB195F8BC6B}
	EndGlobalSection
EndGlobal
