
Microsoft Visual Studio Solution File, Format Version 12.00
# Visual Studio Version 17
VisualStudioVersion = 17.7.34009.444
MinimumVisualStudioVersion = 10.0.40219.1
Project("{FAE04EC0-301F-11D3-BF4B-00C04F79EFBC}") = "15 - App. Static and Constructors", "15 - App. Static and Constructors\15 - App. Static and Constructors.csproj", "{F1102BF5-D09A-4E7A-A4B7-4C32F6ECFF3B}"
EndProject
Global
	GlobalSection(SolutionConfigurationPlatforms) = preSolution
		Debug|Any CPU = Debug|Any CPU
		Release|Any CPU = Release|Any CPU
	EndGlobalSection
	GlobalSection(ProjectConfigurationPlatforms) = postSolution
		{F1102BF5-D09A-4E7A-A4B7-4C32F6ECFF3B}.Debug|Any CPU.ActiveCfg = Debug|Any CPU
		{F1102BF5-D09A-4E7A-A4B7-4C32F6ECFF3B}.Debug|Any CPU.Build.0 = Debug|Any CPU
		{F1102BF5-D09A-4E7A-A4B7-4C32F6ECFF3B}.Release|Any CPU.ActiveCfg = Release|Any CPU
		{F1102BF5-D09A-4E7A-A4B7-4C32F6ECFF3B}.Release|Any CPU.Build.0 = Release|Any CPU
	EndGlobalSection
	GlobalSection(SolutionProperties) = preSolution
		HideSolutionNode = FALSE
	EndGlobalSection
	GlobalSection(ExtensibilityGlobals) = postSolution
		SolutionGuid = {7BA8A279-C701-4E39-AC89-F6BE10DEF42E}
	EndGlobalSection
EndGlobal
